
Microsoft Visual Studio Solution File, Format Version 12.00
# Visual Studio Version 17
VisualStudioVersion = 17.4.33213.308
MinimumVisualStudioVersion = 10.0.40219.1
Project("{2150E333-8FDC-42A3-9474-1A3956D46DE8}") = "1. Enterprise Business Rules", "1. Enterprise Business Rules", "{66373576-9448-45FD-92F1-AD50B72CD85B}"
EndProject
Project("{2150E333-8FDC-42A3-9474-1A3956D46DE8}") = "2. Application Business Rules", "2. Application Business Rules", "{46D5C08A-36CA-4A55-93B3-CA7D9D647642}"
EndProject
Project("{2150E333-8FDC-42A3-9474-1A3956D46DE8}") = "3. Interface Adapters", "3. Interface Adapters", "{73DA6F04-2556-4A68-8694-366A8118C19B}"
EndProject
Project("{2150E333-8FDC-42A3-9474-1A3956D46DE8}") = "4. Frameworks And Drivers", "4. Frameworks And Drivers", "{23133FBF-9005-4F01-90B9-1651F985EF7C}"
EndProject
Project("{2150E333-8FDC-42A3-9474-1A3956D46DE8}") = "Models", "Models", "{CC58532E-E0B6-4562-AA0E-0AEC9146BD14}"
EndProject
Project("{9A19103F-16F7-4668-BE54-9A1E7A4F7556}") = "BlazingPizza.Models", "BlazingPizza.Models\BlazingPizza.Models.csproj", "{2DF034FC-7312-4C03-9B2C-FDBED9FA5349}"
EndProject
Project("{2150E333-8FDC-42A3-9474-1A3956D46DE8}") = "ViewModels", "ViewModels", "{363B2827-732D-471E-BFF0-4B68CA48960C}"
EndProject
Project("{9A19103F-16F7-4668-BE54-9A1E7A4F7556}") = "BlazingPizza.ViewModels", "BlazingPizza.ViewModels\BlazingPizza.ViewModels.csproj", "{AEE707A7-8CA0-4D89-A277-05839CDA839F}"
EndProject
Project("{2150E333-8FDC-42A3-9474-1A3956D46DE8}") = "Views", "Views", "{0F47EB6F-88D3-40CC-887E-1870103A28DD}"
EndProject
Project("{9A19103F-16F7-4668-BE54-9A1E7A4F7556}") = "BlazingPizza.Razor.Views", "BlazingPizza.Razor.Views\BlazingPizza.Razor.Views.csproj", "{9B6B06F7-BA6E-47B4-A1C4-6BBFF2D897A1}"
EndProject
Project("{2150E333-8FDC-42A3-9474-1A3956D46DE8}") = "IoCs", "IoCs", "{774B0DD6-223F-4777-AE5A-D4EB75234B74}"
EndProject
Project("{9A19103F-16F7-4668-BE54-9A1E7A4F7556}") = "BlazingPizza.Frontend.IoC", "BlazingPizza.Frontend.IoC\BlazingPizza.Frontend.IoC.csproj", "{EC5597DB-4924-4D9B-B1DB-9D547A83DE2C}"
EndProject
Project("{2150E333-8FDC-42A3-9474-1A3956D46DE8}") = "UIs", "UIs", "{29E9501E-151C-4B3E-8D85-CF10F075C67B}"
EndProject
Project("{9A19103F-16F7-4668-BE54-9A1E7A4F7556}") = "BlazingPizza.BlazorClient", "BlazingPizza.BlazorClient\BlazingPizza.BlazorClient.csproj", "{97FD2E90-A7B4-4146-8B7A-E4F4AB862BA8}"
EndProject
Project("{9A19103F-16F7-4668-BE54-9A1E7A4F7556}") = "BlazingPizza.WinFormsClient", "BlazingPizza.WinFormsClient\BlazingPizza.WinFormsClient.csproj", "{88F62B02-BEE6-45C3-9A3A-9B246C7271AE}"
EndProject
Project("{9A19103F-16F7-4668-BE54-9A1E7A4F7556}") = "BlazingPizza.UseCases", "BlazingPizza.UseCases\BlazingPizza.UseCases.csproj", "{5393FA6F-29DB-4B95-A2D0-AB9B72729F53}"
EndProject
Project("{2150E333-8FDC-42A3-9474-1A3956D46DE8}") = "Gateways", "Gateways", "{DA2399D2-0110-48B7-8E8A-430A87A98497}"
EndProject
Project("{2150E333-8FDC-42A3-9474-1A3956D46DE8}") = "Repositories", "Repositories", "{897438A7-D868-456F-8051-8E7E06007027}"
EndProject
Project("{9A19103F-16F7-4668-BE54-9A1E7A4F7556}") = "BlazingPizza.EFCore.Repositories", "BlazingPizza.EFCore.Repositories\BlazingPizza.EFCore.Repositories.csproj", "{D1E49E99-F279-415F-A540-205A8C2E26E5}"
EndProject
Project("{2150E333-8FDC-42A3-9474-1A3956D46DE8}") = "Controllers", "Controllers", "{D8F1A8D5-3BFF-4E29-B425-78CE84D79F0A}"
EndProject
Project("{9A19103F-16F7-4668-BE54-9A1E7A4F7556}") = "BlazingPizza.Controllers", "BlazingPizza.Controllers\BlazingPizza.Controllers.csproj", "{5E798CB4-FAAF-4B1A-B1D2-B155807BEA96}"
EndProject
Project("{9A19103F-16F7-4668-BE54-9A1E7A4F7556}") = "BlazingPizza.Backend.IoC", "BlazingPizza.Backend.IoC\BlazingPizza.Backend.IoC.csproj", "{D7F15B5B-FA04-4A1D-A6AA-AD392356F3B7}"
EndProject
Project("{9A19103F-16F7-4668-BE54-9A1E7A4F7556}") = "BlazingPizza.WebApi", "BlazingPizza.WebApi\BlazingPizza.WebApi.csproj", "{A92155A0-F341-4A67-A50D-59B2AE54EE64}"
EndProject
Project("{2150E333-8FDC-42A3-9474-1A3956D46DE8}") = "Presenters", "Presenters", "{0F23EC4F-4B69-47DB-A486-BBC99E106663}"
EndProject
Project("{9A19103F-16F7-4668-BE54-9A1E7A4F7556}") = "BlazingPizza.Presenters", "BlazingPizza.Presenters\BlazingPizza.Presenters.csproj", "{BB59940B-75CC-40E0-9EB7-0AC87C0D6D52}"
EndProject
Project("{2150E333-8FDC-42A3-9474-1A3956D46DE8}") = "WebApiGateways", "WebApiGateways", "{F4D88255-5142-4866-85E0-F26DFD120BD1}"
EndProject
Project("{9A19103F-16F7-4668-BE54-9A1E7A4F7556}") = "BlazingPizza.Gateways", "BlazingPizza.Gateways\BlazingPizza.Gateways.csproj", "{C9901E72-3E6E-4DE5-9A60-614EF35E1DFE}"
EndProject
Project("{2150E333-8FDC-42A3-9474-1A3956D46DE8}") = "BusinessObjects", "BusinessObjects", "{A3796BD3-AEC0-4359-A2E1-B659A5271ACE}"
EndProject
Project("{9A19103F-16F7-4668-BE54-9A1E7A4F7556}") = "BlazingPizza.Shared.BusinessObjects", "BlazingPizza.Shared.BusinessObjects\BlazingPizza.Shared.BusinessObjects.csproj", "{1DAA9238-EB03-411F-9E80-0FCFB6006DD3}"
EndProject
Project("{9A19103F-16F7-4668-BE54-9A1E7A4F7556}") = "BlazingPizza.Frontend.BusinessObjects", "BlazingPizza.Frontend.BusinessObjects\BlazingPizza.Frontend.BusinessObjects.csproj", "{711A71A7-B4F9-49EE-A444-8DC32FE53E19}"
EndProject
Project("{9A19103F-16F7-4668-BE54-9A1E7A4F7556}") = "BlazingPizza.Backend.BusinessObjects", "BlazingPizza.Backend.BusinessObjects\BlazingPizza.Backend.BusinessObjects.csproj", "{29DCC7B5-ED08-4A4C-9A04-FD4BF88F6629}"
EndProject
Project("{9A19103F-16F7-4668-BE54-9A1E7A4F7556}") = "BlazingPizza.Shared.Validators", "BlazingPizza.Shared.Validators\BlazingPizza.Shared.Validators.csproj", "{342297B8-7143-43AD-AA32-9176F219CCE5}"
EndProject
Project("{9A19103F-16F7-4668-BE54-9A1E7A4F7556}") = "SpecificationValidation.Entities", "SpecificationValidation.Entities\SpecificationValidation.Entities.csproj", "{FAC1189D-1AA6-4D70-A637-AD6F507B4701}"
EndProject
Project("{9A19103F-16F7-4668-BE54-9A1E7A4F7556}") = "SpecificationValidation.Abstractions", "SpecificationValidation.Abstractions\SpecificationValidation.Abstractions.csproj", "{78B52F91-DBA6-487B-B13C-3A6CC9B6688B}"
EndProject
Project("{9A19103F-16F7-4668-BE54-9A1E7A4F7556}") = "SpecificationValidation.Blazor", "SpecificationValidation.Blazor\SpecificationValidation.Blazor.csproj", "{4800F3DC-56C8-4789-A37C-64E9D40B83AA}"
EndProject
Project("{9A19103F-16F7-4668-BE54-9A1E7A4F7556}") = "CustomExceptions", "CustomExceptions\CustomExceptions.csproj", "{BC9EB7DA-8318-452D-8349-2608875BCF30}"
EndProject
Project("{9A19103F-16F7-4668-BE54-9A1E7A4F7556}") = "CustomExceptions.HttpHandlers", "CustomExceptions.HttpHandlers\CustomExceptions.HttpHandlers.csproj", "{3296B4A9-2182-401F-A047-2D0B063AF4DF}"
EndProject
Project("{9A19103F-16F7-4668-BE54-9A1E7A4F7556}") = "ExceptionHandler.Blazor", "ExceptionHandler.Blazor\ExceptionHandler.Blazor.csproj", "{161F906D-CC69-498F-B6C9-A3B0112E7FAA}"
EndProject
Project("{2150E333-8FDC-42A3-9474-1A3956D46DE8}") = "Solution Items", "Solution Items", "{346E955A-6FF7-45D5-B688-716CF88BBA25}"
	ProjectSection(SolutionItems) = preProject
		Pendientes.txt = Pendientes.txt
	EndProjectSection
EndProject
Project("{9A19103F-16F7-4668-BE54-9A1E7A4F7556}") = "Toast.Blazor", "Toast.Blazor\Toast.Blazor.csproj", "{1D33EBDE-128C-446E-BF90-4DDEA5D12216}"
EndProject
Project("{9A19103F-16F7-4668-BE54-9A1E7A4F7556}") = "HttpMessageHandlers", "HttpMessageHandlers\HttpMessageHandlers.csproj", "{9F5E6294-3385-4F3C-B144-81824D881297}"
EndProject
Project("{9A19103F-16F7-4668-BE54-9A1E7A4F7556}") = "SweetAlert.Blazor", "SweetAlert.Blazor\SweetAlert.Blazor.csproj", "{AD617A6A-E540-419D-8F53-FAAA561E75CE}"
EndProject
Project("{9A19103F-16F7-4668-BE54-9A1E7A4F7556}") = "Leaflet.Blazor", "Leaflet.Blazor\Leaflet.Blazor.csproj", "{B0FDF700-EC36-4649-8596-6BE099102CA1}"
EndProject
Project("{9A19103F-16F7-4668-BE54-9A1E7A4F7556}") = "Geolocation.Blazor", "Geolocation.Blazor\Geolocation.Blazor.csproj", "{FBAE427A-0F5E-4AEA-8C10-3BCEE8F32A59}"
EndProject
Project("{9A19103F-16F7-4668-BE54-9A1E7A4F7556}") = "PositionTrackerSimulator", "PositionTrackerSimulator\PositionTrackerSimulator.csproj", "{2DB23AF2-094C-4C3F-8375-AA2A3FEFE1E6}"
EndProject
Project("{9A19103F-16F7-4668-BE54-9A1E7A4F7556}") = "GeolocationMap.Blazor", "GeolocationMap.Blazor\GeolocationMap.Blazor.csproj", "{39DE791B-8A71-4F3B-8CA0-A48406D73D5D}"
EndProject
Project("{9A19103F-16F7-4668-BE54-9A1E7A4F7556}") = "BlazingPizza.OrderTrackerSimulator", "BlazingPizza.OrderTrackerSimulator\BlazingPizza.OrderTrackerSimulator.csproj", "{2AC46D4E-63A4-4D6A-8A81-10FF4EC0514F}"
EndProject
Project("{9A19103F-16F7-4668-BE54-9A1E7A4F7556}") = "Dialog.Blazor", "Dialog.Blazor\Dialog.Blazor.csproj", "{D74C90B8-786F-4B36-B317-59EAC93552CA}"
EndProject
Project("{9A19103F-16F7-4668-BE54-9A1E7A4F7556}") = "TemplatedList.Blazor", "TemplatedList.Blazor\TemplatedList.Blazor.csproj", "{44766476-6372-4859-8D72-64E1CEE18BA9}"
EndProject
Project("{9A19103F-16F7-4668-BE54-9A1E7A4F7556}") = "Membership.Entities", "Membership.Entities\Membership.Entities.csproj", "{2D27D4E2-2FF3-49B6-A9C4-21E1AB89832D}"
EndProject
Project("{9A19103F-16F7-4668-BE54-9A1E7A4F7556}") = "Membership.UserService", "Membership.UserService\Membership.UserService.csproj", "{538380E6-5CF4-4D3E-A8F2-046F5FBCABC2}"
EndProject
Project("{2150E333-8FDC-42A3-9474-1A3956D46DE8}") = "Membership", "Membership", "{A8FE2D1B-E5B7-4D1F-8CCE-ED3EE7D8B77C}"
EndProject
Project("{2150E333-8FDC-42A3-9474-1A3956D46DE8}") = "Exceptions", "Exceptions", "{45A1B8FA-36FE-4AC1-9D8F-E71C5533AEBE}"
EndProject
Project("{2150E333-8FDC-42A3-9474-1A3956D46DE8}") = "Maps", "Maps", "{29AFAE7D-594D-4738-A759-E65AD9C764EA}"
EndProject
Project("{2150E333-8FDC-42A3-9474-1A3956D46DE8}") = "Specifications", "Specifications", "{4780BC5C-3DFA-4ED6-9EBB-07997910DD7D}"
EndProject
Project("{2150E333-8FDC-42A3-9474-1A3956D46DE8}") = "BlazorUI", "BlazorUI", "{0B996998-95FF-4BE3-A7C6-53CB54A155A1}"
EndProject
Project("{2150E333-8FDC-42A3-9474-1A3956D46DE8}") = "HTTPHandlers", "HTTPHandlers", "{2BE007C8-BD3B-45FA-9DD9-9B779829C74F}"
EndProject
Project("{9A19103F-16F7-4668-BE54-9A1E7A4F7556}") = "Membership.Controllers", "Membership.Controllers\Membership.Controllers.csproj", "{DAF59B8B-6C2E-4B9B-8986-2AB3023755A8}"
EndProject
Project("{9A19103F-16F7-4668-BE54-9A1E7A4F7556}") = "Membership.UserManager", "Membership.UserManager\Membership.UserManager.csproj", "{1E27FB1D-9951-4BB6-B8A3-75412C9133BE}"
EndProject
Project("{9A19103F-16F7-4668-BE54-9A1E7A4F7556}") = "Membership.UserManager.AspNetIdentity", "Membership.UserManager.AspNetIdentity\Membership.UserManager.AspNetIdentity.csproj", "{53F330FF-5ADB-42C3-A566-0E3CD4458A53}"
EndProject
Project("{9A19103F-16F7-4668-BE54-9A1E7A4F7556}") = "Membership.IoC", "Membership.IoC\Membership.IoC.csproj", "{C3E6086A-13BE-47A5-A563-3C2C766B87EB}"
EndProject
Project("{9A19103F-16F7-4668-BE54-9A1E7A4F7556}") = "Membership.Presenters", "Membership.Presenters\Membership.Presenters.csproj", "{F896D995-A858-498B-92B2-C39F923AF2B1}"
EndProject
Project("{9A19103F-16F7-4668-BE54-9A1E7A4F7556}") = "Membership.Shared.Entities", "Membership.Shared.Entities\Membership.Shared.Entities.csproj", "{504179D4-9B63-404A-A8E4-98B16D41FC66}"
EndProject
Project("{9A19103F-16F7-4668-BE54-9A1E7A4F7556}") = "Membership.RefreshTokenManager.Memory", "Membership.RefreshTokenManager.Memory\Membership.RefreshTokenManager.Memory.csproj", "{959213D0-F405-452C-BB16-3003DD13C39B}"
EndProject
Project("{2150E333-8FDC-42A3-9474-1A3956D46DE8}") = "Blazor", "Blazor", "{947C54A0-72FE-4704-8B23-42048A516A31}"
EndProject
Project("{9A19103F-16F7-4668-BE54-9A1E7A4F7556}") = "Membership.Blazor.Entities", "Membership.Blazor.Entities\Membership.Blazor.Entities.csproj", "{6AC0C8B5-E688-4CA4-B4F5-E5A0F8B99AFC}"
EndProject
Project("{9A19103F-16F7-4668-BE54-9A1E7A4F7556}") = "Membership.Blazor.WebApiGateway", "Membership.Blazor.WebApiGateway\Membership.Blazor.WebApiGateway.csproj", "{0D1C9C92-9A97-460F-BB8E-FDBB276BE6F1}"
EndProject
Project("{2150E333-8FDC-42A3-9474-1A3956D46DE8}") = "Backend", "Backend", "{F329E4BB-594F-4C8C-B81C-B68EBE7FF772}"
EndProject
Project("{2150E333-8FDC-42A3-9474-1A3956D46DE8}") = "Shared", "Shared", "{84A21512-B3C7-49C1-82A9-26AB0BEFC451}"
EndProject
Project("{9A19103F-16F7-4668-BE54-9A1E7A4F7556}") = "Membership.Blazor.IoC", "Membership.Blazor.IoC\Membership.Blazor.IoC.csproj", "{3C01A2E9-C80E-4107-A6CD-B2AB3A662137}"
EndProject
Project("{9A19103F-16F7-4668-BE54-9A1E7A4F7556}") = "Membership.Blazor.UI", "Membership.Blazor.UI\Membership.Blazor.UI.csproj", "{43D5F43B-74D2-4190-9929-390867357F4D}"
EndProject
Global
	GlobalSection(SolutionConfigurationPlatforms) = preSolution
		Debug|Any CPU = Debug|Any CPU
		Release|Any CPU = Release|Any CPU
	EndGlobalSection
	GlobalSection(ProjectConfigurationPlatforms) = postSolution
		{2DF034FC-7312-4C03-9B2C-FDBED9FA5349}.Debug|Any CPU.ActiveCfg = Debug|Any CPU
		{2DF034FC-7312-4C03-9B2C-FDBED9FA5349}.Debug|Any CPU.Build.0 = Debug|Any CPU
		{2DF034FC-7312-4C03-9B2C-FDBED9FA5349}.Release|Any CPU.ActiveCfg = Release|Any CPU
		{2DF034FC-7312-4C03-9B2C-FDBED9FA5349}.Release|Any CPU.Build.0 = Release|Any CPU
		{AEE707A7-8CA0-4D89-A277-05839CDA839F}.Debug|Any CPU.ActiveCfg = Debug|Any CPU
		{AEE707A7-8CA0-4D89-A277-05839CDA839F}.Debug|Any CPU.Build.0 = Debug|Any CPU
		{AEE707A7-8CA0-4D89-A277-05839CDA839F}.Release|Any CPU.ActiveCfg = Release|Any CPU
		{AEE707A7-8CA0-4D89-A277-05839CDA839F}.Release|Any CPU.Build.0 = Release|Any CPU
		{9B6B06F7-BA6E-47B4-A1C4-6BBFF2D897A1}.Debug|Any CPU.ActiveCfg = Debug|Any CPU
		{9B6B06F7-BA6E-47B4-A1C4-6BBFF2D897A1}.Debug|Any CPU.Build.0 = Debug|Any CPU
		{9B6B06F7-BA6E-47B4-A1C4-6BBFF2D897A1}.Release|Any CPU.ActiveCfg = Release|Any CPU
		{9B6B06F7-BA6E-47B4-A1C4-6BBFF2D897A1}.Release|Any CPU.Build.0 = Release|Any CPU
		{EC5597DB-4924-4D9B-B1DB-9D547A83DE2C}.Debug|Any CPU.ActiveCfg = Debug|Any CPU
		{EC5597DB-4924-4D9B-B1DB-9D547A83DE2C}.Debug|Any CPU.Build.0 = Debug|Any CPU
		{EC5597DB-4924-4D9B-B1DB-9D547A83DE2C}.Release|Any CPU.ActiveCfg = Release|Any CPU
		{EC5597DB-4924-4D9B-B1DB-9D547A83DE2C}.Release|Any CPU.Build.0 = Release|Any CPU
		{97FD2E90-A7B4-4146-8B7A-E4F4AB862BA8}.Debug|Any CPU.ActiveCfg = Debug|Any CPU
		{97FD2E90-A7B4-4146-8B7A-E4F4AB862BA8}.Debug|Any CPU.Build.0 = Debug|Any CPU
		{97FD2E90-A7B4-4146-8B7A-E4F4AB862BA8}.Release|Any CPU.ActiveCfg = Release|Any CPU
		{97FD2E90-A7B4-4146-8B7A-E4F4AB862BA8}.Release|Any CPU.Build.0 = Release|Any CPU
		{88F62B02-BEE6-45C3-9A3A-9B246C7271AE}.Debug|Any CPU.ActiveCfg = Debug|Any CPU
		{88F62B02-BEE6-45C3-9A3A-9B246C7271AE}.Debug|Any CPU.Build.0 = Debug|Any CPU
		{88F62B02-BEE6-45C3-9A3A-9B246C7271AE}.Release|Any CPU.ActiveCfg = Release|Any CPU
		{88F62B02-BEE6-45C3-9A3A-9B246C7271AE}.Release|Any CPU.Build.0 = Release|Any CPU
		{5393FA6F-29DB-4B95-A2D0-AB9B72729F53}.Debug|Any CPU.ActiveCfg = Debug|Any CPU
		{5393FA6F-29DB-4B95-A2D0-AB9B72729F53}.Debug|Any CPU.Build.0 = Debug|Any CPU
		{5393FA6F-29DB-4B95-A2D0-AB9B72729F53}.Release|Any CPU.ActiveCfg = Release|Any CPU
		{5393FA6F-29DB-4B95-A2D0-AB9B72729F53}.Release|Any CPU.Build.0 = Release|Any CPU
		{D1E49E99-F279-415F-A540-205A8C2E26E5}.Debug|Any CPU.ActiveCfg = Debug|Any CPU
		{D1E49E99-F279-415F-A540-205A8C2E26E5}.Debug|Any CPU.Build.0 = Debug|Any CPU
		{D1E49E99-F279-415F-A540-205A8C2E26E5}.Release|Any CPU.ActiveCfg = Release|Any CPU
		{D1E49E99-F279-415F-A540-205A8C2E26E5}.Release|Any CPU.Build.0 = Release|Any CPU
		{5E798CB4-FAAF-4B1A-B1D2-B155807BEA96}.Debug|Any CPU.ActiveCfg = Debug|Any CPU
		{5E798CB4-FAAF-4B1A-B1D2-B155807BEA96}.Debug|Any CPU.Build.0 = Debug|Any CPU
		{5E798CB4-FAAF-4B1A-B1D2-B155807BEA96}.Release|Any CPU.ActiveCfg = Release|Any CPU
		{5E798CB4-FAAF-4B1A-B1D2-B155807BEA96}.Release|Any CPU.Build.0 = Release|Any CPU
		{D7F15B5B-FA04-4A1D-A6AA-AD392356F3B7}.Debug|Any CPU.ActiveCfg = Debug|Any CPU
		{D7F15B5B-FA04-4A1D-A6AA-AD392356F3B7}.Debug|Any CPU.Build.0 = Debug|Any CPU
		{D7F15B5B-FA04-4A1D-A6AA-AD392356F3B7}.Release|Any CPU.ActiveCfg = Release|Any CPU
		{D7F15B5B-FA04-4A1D-A6AA-AD392356F3B7}.Release|Any CPU.Build.0 = Release|Any CPU
		{A92155A0-F341-4A67-A50D-59B2AE54EE64}.Debug|Any CPU.ActiveCfg = Debug|Any CPU
		{A92155A0-F341-4A67-A50D-59B2AE54EE64}.Debug|Any CPU.Build.0 = Debug|Any CPU
		{A92155A0-F341-4A67-A50D-59B2AE54EE64}.Release|Any CPU.ActiveCfg = Release|Any CPU
		{A92155A0-F341-4A67-A50D-59B2AE54EE64}.Release|Any CPU.Build.0 = Release|Any CPU
		{BB59940B-75CC-40E0-9EB7-0AC87C0D6D52}.Debug|Any CPU.ActiveCfg = Debug|Any CPU
		{BB59940B-75CC-40E0-9EB7-0AC87C0D6D52}.Debug|Any CPU.Build.0 = Debug|Any CPU
		{BB59940B-75CC-40E0-9EB7-0AC87C0D6D52}.Release|Any CPU.ActiveCfg = Release|Any CPU
		{BB59940B-75CC-40E0-9EB7-0AC87C0D6D52}.Release|Any CPU.Build.0 = Release|Any CPU
		{C9901E72-3E6E-4DE5-9A60-614EF35E1DFE}.Debug|Any CPU.ActiveCfg = Debug|Any CPU
		{C9901E72-3E6E-4DE5-9A60-614EF35E1DFE}.Debug|Any CPU.Build.0 = Debug|Any CPU
		{C9901E72-3E6E-4DE5-9A60-614EF35E1DFE}.Release|Any CPU.ActiveCfg = Release|Any CPU
		{C9901E72-3E6E-4DE5-9A60-614EF35E1DFE}.Release|Any CPU.Build.0 = Release|Any CPU
		{1DAA9238-EB03-411F-9E80-0FCFB6006DD3}.Debug|Any CPU.ActiveCfg = Debug|Any CPU
		{1DAA9238-EB03-411F-9E80-0FCFB6006DD3}.Debug|Any CPU.Build.0 = Debug|Any CPU
		{1DAA9238-EB03-411F-9E80-0FCFB6006DD3}.Release|Any CPU.ActiveCfg = Release|Any CPU
		{1DAA9238-EB03-411F-9E80-0FCFB6006DD3}.Release|Any CPU.Build.0 = Release|Any CPU
		{711A71A7-B4F9-49EE-A444-8DC32FE53E19}.Debug|Any CPU.ActiveCfg = Debug|Any CPU
		{711A71A7-B4F9-49EE-A444-8DC32FE53E19}.Debug|Any CPU.Build.0 = Debug|Any CPU
		{711A71A7-B4F9-49EE-A444-8DC32FE53E19}.Release|Any CPU.ActiveCfg = Release|Any CPU
		{711A71A7-B4F9-49EE-A444-8DC32FE53E19}.Release|Any CPU.Build.0 = Release|Any CPU
		{29DCC7B5-ED08-4A4C-9A04-FD4BF88F6629}.Debug|Any CPU.ActiveCfg = Debug|Any CPU
		{29DCC7B5-ED08-4A4C-9A04-FD4BF88F6629}.Debug|Any CPU.Build.0 = Debug|Any CPU
		{29DCC7B5-ED08-4A4C-9A04-FD4BF88F6629}.Release|Any CPU.ActiveCfg = Release|Any CPU
		{29DCC7B5-ED08-4A4C-9A04-FD4BF88F6629}.Release|Any CPU.Build.0 = Release|Any CPU
		{342297B8-7143-43AD-AA32-9176F219CCE5}.Debug|Any CPU.ActiveCfg = Debug|Any CPU
		{342297B8-7143-43AD-AA32-9176F219CCE5}.Debug|Any CPU.Build.0 = Debug|Any CPU
		{342297B8-7143-43AD-AA32-9176F219CCE5}.Release|Any CPU.ActiveCfg = Release|Any CPU
		{342297B8-7143-43AD-AA32-9176F219CCE5}.Release|Any CPU.Build.0 = Release|Any CPU
		{FAC1189D-1AA6-4D70-A637-AD6F507B4701}.Debug|Any CPU.ActiveCfg = Debug|Any CPU
		{FAC1189D-1AA6-4D70-A637-AD6F507B4701}.Debug|Any CPU.Build.0 = Debug|Any CPU
		{FAC1189D-1AA6-4D70-A637-AD6F507B4701}.Release|Any CPU.ActiveCfg = Release|Any CPU
		{FAC1189D-1AA6-4D70-A637-AD6F507B4701}.Release|Any CPU.Build.0 = Release|Any CPU
		{78B52F91-DBA6-487B-B13C-3A6CC9B6688B}.Debug|Any CPU.ActiveCfg = Debug|Any CPU
		{78B52F91-DBA6-487B-B13C-3A6CC9B6688B}.Debug|Any CPU.Build.0 = Debug|Any CPU
		{78B52F91-DBA6-487B-B13C-3A6CC9B6688B}.Release|Any CPU.ActiveCfg = Release|Any CPU
		{78B52F91-DBA6-487B-B13C-3A6CC9B6688B}.Release|Any CPU.Build.0 = Release|Any CPU
		{4800F3DC-56C8-4789-A37C-64E9D40B83AA}.Debug|Any CPU.ActiveCfg = Debug|Any CPU
		{4800F3DC-56C8-4789-A37C-64E9D40B83AA}.Debug|Any CPU.Build.0 = Debug|Any CPU
		{4800F3DC-56C8-4789-A37C-64E9D40B83AA}.Release|Any CPU.ActiveCfg = Release|Any CPU
		{4800F3DC-56C8-4789-A37C-64E9D40B83AA}.Release|Any CPU.Build.0 = Release|Any CPU
		{BC9EB7DA-8318-452D-8349-2608875BCF30}.Debug|Any CPU.ActiveCfg = Debug|Any CPU
		{BC9EB7DA-8318-452D-8349-2608875BCF30}.Debug|Any CPU.Build.0 = Debug|Any CPU
		{BC9EB7DA-8318-452D-8349-2608875BCF30}.Release|Any CPU.ActiveCfg = Release|Any CPU
		{BC9EB7DA-8318-452D-8349-2608875BCF30}.Release|Any CPU.Build.0 = Release|Any CPU
		{3296B4A9-2182-401F-A047-2D0B063AF4DF}.Debug|Any CPU.ActiveCfg = Debug|Any CPU
		{3296B4A9-2182-401F-A047-2D0B063AF4DF}.Debug|Any CPU.Build.0 = Debug|Any CPU
		{3296B4A9-2182-401F-A047-2D0B063AF4DF}.Release|Any CPU.ActiveCfg = Release|Any CPU
		{3296B4A9-2182-401F-A047-2D0B063AF4DF}.Release|Any CPU.Build.0 = Release|Any CPU
		{161F906D-CC69-498F-B6C9-A3B0112E7FAA}.Debug|Any CPU.ActiveCfg = Debug|Any CPU
		{161F906D-CC69-498F-B6C9-A3B0112E7FAA}.Debug|Any CPU.Build.0 = Debug|Any CPU
		{161F906D-CC69-498F-B6C9-A3B0112E7FAA}.Release|Any CPU.ActiveCfg = Release|Any CPU
		{161F906D-CC69-498F-B6C9-A3B0112E7FAA}.Release|Any CPU.Build.0 = Release|Any CPU
		{1D33EBDE-128C-446E-BF90-4DDEA5D12216}.Debug|Any CPU.ActiveCfg = Debug|Any CPU
		{1D33EBDE-128C-446E-BF90-4DDEA5D12216}.Debug|Any CPU.Build.0 = Debug|Any CPU
		{1D33EBDE-128C-446E-BF90-4DDEA5D12216}.Release|Any CPU.ActiveCfg = Release|Any CPU
		{1D33EBDE-128C-446E-BF90-4DDEA5D12216}.Release|Any CPU.Build.0 = Release|Any CPU
		{9F5E6294-3385-4F3C-B144-81824D881297}.Debug|Any CPU.ActiveCfg = Debug|Any CPU
		{9F5E6294-3385-4F3C-B144-81824D881297}.Debug|Any CPU.Build.0 = Debug|Any CPU
		{9F5E6294-3385-4F3C-B144-81824D881297}.Release|Any CPU.ActiveCfg = Release|Any CPU
		{9F5E6294-3385-4F3C-B144-81824D881297}.Release|Any CPU.Build.0 = Release|Any CPU
		{AD617A6A-E540-419D-8F53-FAAA561E75CE}.Debug|Any CPU.ActiveCfg = Debug|Any CPU
		{AD617A6A-E540-419D-8F53-FAAA561E75CE}.Debug|Any CPU.Build.0 = Debug|Any CPU
		{AD617A6A-E540-419D-8F53-FAAA561E75CE}.Release|Any CPU.ActiveCfg = Release|Any CPU
		{AD617A6A-E540-419D-8F53-FAAA561E75CE}.Release|Any CPU.Build.0 = Release|Any CPU
		{B0FDF700-EC36-4649-8596-6BE099102CA1}.Debug|Any CPU.ActiveCfg = Debug|Any CPU
		{B0FDF700-EC36-4649-8596-6BE099102CA1}.Debug|Any CPU.Build.0 = Debug|Any CPU
		{B0FDF700-EC36-4649-8596-6BE099102CA1}.Release|Any CPU.ActiveCfg = Release|Any CPU
		{B0FDF700-EC36-4649-8596-6BE099102CA1}.Release|Any CPU.Build.0 = Release|Any CPU
		{FBAE427A-0F5E-4AEA-8C10-3BCEE8F32A59}.Debug|Any CPU.ActiveCfg = Debug|Any CPU
		{FBAE427A-0F5E-4AEA-8C10-3BCEE8F32A59}.Debug|Any CPU.Build.0 = Debug|Any CPU
		{FBAE427A-0F5E-4AEA-8C10-3BCEE8F32A59}.Release|Any CPU.ActiveCfg = Release|Any CPU
		{FBAE427A-0F5E-4AEA-8C10-3BCEE8F32A59}.Release|Any CPU.Build.0 = Release|Any CPU
		{2DB23AF2-094C-4C3F-8375-AA2A3FEFE1E6}.Debug|Any CPU.ActiveCfg = Debug|Any CPU
		{2DB23AF2-094C-4C3F-8375-AA2A3FEFE1E6}.Debug|Any CPU.Build.0 = Debug|Any CPU
		{2DB23AF2-094C-4C3F-8375-AA2A3FEFE1E6}.Release|Any CPU.ActiveCfg = Release|Any CPU
		{2DB23AF2-094C-4C3F-8375-AA2A3FEFE1E6}.Release|Any CPU.Build.0 = Release|Any CPU
		{39DE791B-8A71-4F3B-8CA0-A48406D73D5D}.Debug|Any CPU.ActiveCfg = Debug|Any CPU
		{39DE791B-8A71-4F3B-8CA0-A48406D73D5D}.Debug|Any CPU.Build.0 = Debug|Any CPU
		{39DE791B-8A71-4F3B-8CA0-A48406D73D5D}.Release|Any CPU.ActiveCfg = Release|Any CPU
		{39DE791B-8A71-4F3B-8CA0-A48406D73D5D}.Release|Any CPU.Build.0 = Release|Any CPU
		{2AC46D4E-63A4-4D6A-8A81-10FF4EC0514F}.Debug|Any CPU.ActiveCfg = Debug|Any CPU
		{2AC46D4E-63A4-4D6A-8A81-10FF4EC0514F}.Debug|Any CPU.Build.0 = Debug|Any CPU
		{2AC46D4E-63A4-4D6A-8A81-10FF4EC0514F}.Release|Any CPU.ActiveCfg = Release|Any CPU
		{2AC46D4E-63A4-4D6A-8A81-10FF4EC0514F}.Release|Any CPU.Build.0 = Release|Any CPU
		{D74C90B8-786F-4B36-B317-59EAC93552CA}.Debug|Any CPU.ActiveCfg = Debug|Any CPU
		{D74C90B8-786F-4B36-B317-59EAC93552CA}.Debug|Any CPU.Build.0 = Debug|Any CPU
		{D74C90B8-786F-4B36-B317-59EAC93552CA}.Release|Any CPU.ActiveCfg = Release|Any CPU
		{D74C90B8-786F-4B36-B317-59EAC93552CA}.Release|Any CPU.Build.0 = Release|Any CPU
		{44766476-6372-4859-8D72-64E1CEE18BA9}.Debug|Any CPU.ActiveCfg = Debug|Any CPU
		{44766476-6372-4859-8D72-64E1CEE18BA9}.Debug|Any CPU.Build.0 = Debug|Any CPU
		{44766476-6372-4859-8D72-64E1CEE18BA9}.Release|Any CPU.ActiveCfg = Release|Any CPU
		{44766476-6372-4859-8D72-64E1CEE18BA9}.Release|Any CPU.Build.0 = Release|Any CPU
		{2D27D4E2-2FF3-49B6-A9C4-21E1AB89832D}.Debug|Any CPU.ActiveCfg = Debug|Any CPU
		{2D27D4E2-2FF3-49B6-A9C4-21E1AB89832D}.Debug|Any CPU.Build.0 = Debug|Any CPU
		{2D27D4E2-2FF3-49B6-A9C4-21E1AB89832D}.Release|Any CPU.ActiveCfg = Release|Any CPU
		{2D27D4E2-2FF3-49B6-A9C4-21E1AB89832D}.Release|Any CPU.Build.0 = Release|Any CPU
		{538380E6-5CF4-4D3E-A8F2-046F5FBCABC2}.Debug|Any CPU.ActiveCfg = Debug|Any CPU
		{538380E6-5CF4-4D3E-A8F2-046F5FBCABC2}.Debug|Any CPU.Build.0 = Debug|Any CPU
		{538380E6-5CF4-4D3E-A8F2-046F5FBCABC2}.Release|Any CPU.ActiveCfg = Release|Any CPU
		{538380E6-5CF4-4D3E-A8F2-046F5FBCABC2}.Release|Any CPU.Build.0 = Release|Any CPU
		{DAF59B8B-6C2E-4B9B-8986-2AB3023755A8}.Debug|Any CPU.ActiveCfg = Debug|Any CPU
		{DAF59B8B-6C2E-4B9B-8986-2AB3023755A8}.Debug|Any CPU.Build.0 = Debug|Any CPU
		{DAF59B8B-6C2E-4B9B-8986-2AB3023755A8}.Release|Any CPU.ActiveCfg = Release|Any CPU
		{DAF59B8B-6C2E-4B9B-8986-2AB3023755A8}.Release|Any CPU.Build.0 = Release|Any CPU
		{1E27FB1D-9951-4BB6-B8A3-75412C9133BE}.Debug|Any CPU.ActiveCfg = Debug|Any CPU
		{1E27FB1D-9951-4BB6-B8A3-75412C9133BE}.Debug|Any CPU.Build.0 = Debug|Any CPU
		{1E27FB1D-9951-4BB6-B8A3-75412C9133BE}.Release|Any CPU.ActiveCfg = Release|Any CPU
		{1E27FB1D-9951-4BB6-B8A3-75412C9133BE}.Release|Any CPU.Build.0 = Release|Any CPU
		{53F330FF-5ADB-42C3-A566-0E3CD4458A53}.Debug|Any CPU.ActiveCfg = Debug|Any CPU
		{53F330FF-5ADB-42C3-A566-0E3CD4458A53}.Debug|Any CPU.Build.0 = Debug|Any CPU
		{53F330FF-5ADB-42C3-A566-0E3CD4458A53}.Release|Any CPU.ActiveCfg = Release|Any CPU
		{53F330FF-5ADB-42C3-A566-0E3CD4458A53}.Release|Any CPU.Build.0 = Release|Any CPU
		{C3E6086A-13BE-47A5-A563-3C2C766B87EB}.Debug|Any CPU.ActiveCfg = Debug|Any CPU
		{C3E6086A-13BE-47A5-A563-3C2C766B87EB}.Debug|Any CPU.Build.0 = Debug|Any CPU
		{C3E6086A-13BE-47A5-A563-3C2C766B87EB}.Release|Any CPU.ActiveCfg = Release|Any CPU
		{C3E6086A-13BE-47A5-A563-3C2C766B87EB}.Release|Any CPU.Build.0 = Release|Any CPU
		{F896D995-A858-498B-92B2-C39F923AF2B1}.Debug|Any CPU.ActiveCfg = Debug|Any CPU
		{F896D995-A858-498B-92B2-C39F923AF2B1}.Debug|Any CPU.Build.0 = Debug|Any CPU
		{F896D995-A858-498B-92B2-C39F923AF2B1}.Release|Any CPU.ActiveCfg = Release|Any CPU
		{F896D995-A858-498B-92B2-C39F923AF2B1}.Release|Any CPU.Build.0 = Release|Any CPU
		{504179D4-9B63-404A-A8E4-98B16D41FC66}.Debug|Any CPU.ActiveCfg = Debug|Any CPU
		{504179D4-9B63-404A-A8E4-98B16D41FC66}.Debug|Any CPU.Build.0 = Debug|Any CPU
		{504179D4-9B63-404A-A8E4-98B16D41FC66}.Release|Any CPU.ActiveCfg = Release|Any CPU
		{504179D4-9B63-404A-A8E4-98B16D41FC66}.Release|Any CPU.Build.0 = Release|Any CPU
		{959213D0-F405-452C-BB16-3003DD13C39B}.Debug|Any CPU.ActiveCfg = Debug|Any CPU
		{959213D0-F405-452C-BB16-3003DD13C39B}.Debug|Any CPU.Build.0 = Debug|Any CPU
		{959213D0-F405-452C-BB16-3003DD13C39B}.Release|Any CPU.ActiveCfg = Release|Any CPU
		{959213D0-F405-452C-BB16-3003DD13C39B}.Release|Any CPU.Build.0 = Release|Any CPU
		{6AC0C8B5-E688-4CA4-B4F5-E5A0F8B99AFC}.Debug|Any CPU.ActiveCfg = Debug|Any CPU
		{6AC0C8B5-E688-4CA4-B4F5-E5A0F8B99AFC}.Debug|Any CPU.Build.0 = Debug|Any CPU
		{6AC0C8B5-E688-4CA4-B4F5-E5A0F8B99AFC}.Release|Any CPU.ActiveCfg = Release|Any CPU
		{6AC0C8B5-E688-4CA4-B4F5-E5A0F8B99AFC}.Release|Any CPU.Build.0 = Release|Any CPU
		{0D1C9C92-9A97-460F-BB8E-FDBB276BE6F1}.Debug|Any CPU.ActiveCfg = Debug|Any CPU
		{0D1C9C92-9A97-460F-BB8E-FDBB276BE6F1}.Debug|Any CPU.Build.0 = Debug|Any CPU
		{0D1C9C92-9A97-460F-BB8E-FDBB276BE6F1}.Release|Any CPU.ActiveCfg = Release|Any CPU
		{0D1C9C92-9A97-460F-BB8E-FDBB276BE6F1}.Release|Any CPU.Build.0 = Release|Any CPU
		{3C01A2E9-C80E-4107-A6CD-B2AB3A662137}.Debug|Any CPU.ActiveCfg = Debug|Any CPU
		{3C01A2E9-C80E-4107-A6CD-B2AB3A662137}.Debug|Any CPU.Build.0 = Debug|Any CPU
		{3C01A2E9-C80E-4107-A6CD-B2AB3A662137}.Release|Any CPU.ActiveCfg = Release|Any CPU
		{3C01A2E9-C80E-4107-A6CD-B2AB3A662137}.Release|Any CPU.Build.0 = Release|Any CPU
		{43D5F43B-74D2-4190-9929-390867357F4D}.Debug|Any CPU.ActiveCfg = Debug|Any CPU
		{43D5F43B-74D2-4190-9929-390867357F4D}.Debug|Any CPU.Build.0 = Debug|Any CPU
		{43D5F43B-74D2-4190-9929-390867357F4D}.Release|Any CPU.ActiveCfg = Release|Any CPU
		{43D5F43B-74D2-4190-9929-390867357F4D}.Release|Any CPU.Build.0 = Release|Any CPU
	EndGlobalSection
	GlobalSection(SolutionProperties) = preSolution
		HideSolutionNode = FALSE
	EndGlobalSection
	GlobalSection(NestedProjects) = preSolution
		{CC58532E-E0B6-4562-AA0E-0AEC9146BD14} = {73DA6F04-2556-4A68-8694-366A8118C19B}
		{2DF034FC-7312-4C03-9B2C-FDBED9FA5349} = {CC58532E-E0B6-4562-AA0E-0AEC9146BD14}
		{363B2827-732D-471E-BFF0-4B68CA48960C} = {73DA6F04-2556-4A68-8694-366A8118C19B}
		{AEE707A7-8CA0-4D89-A277-05839CDA839F} = {363B2827-732D-471E-BFF0-4B68CA48960C}
		{0F47EB6F-88D3-40CC-887E-1870103A28DD} = {73DA6F04-2556-4A68-8694-366A8118C19B}
		{9B6B06F7-BA6E-47B4-A1C4-6BBFF2D897A1} = {0F47EB6F-88D3-40CC-887E-1870103A28DD}
		{774B0DD6-223F-4777-AE5A-D4EB75234B74} = {73DA6F04-2556-4A68-8694-366A8118C19B}
		{EC5597DB-4924-4D9B-B1DB-9D547A83DE2C} = {774B0DD6-223F-4777-AE5A-D4EB75234B74}
		{29E9501E-151C-4B3E-8D85-CF10F075C67B} = {23133FBF-9005-4F01-90B9-1651F985EF7C}
		{97FD2E90-A7B4-4146-8B7A-E4F4AB862BA8} = {29E9501E-151C-4B3E-8D85-CF10F075C67B}
		{88F62B02-BEE6-45C3-9A3A-9B246C7271AE} = {29E9501E-151C-4B3E-8D85-CF10F075C67B}
		{5393FA6F-29DB-4B95-A2D0-AB9B72729F53} = {46D5C08A-36CA-4A55-93B3-CA7D9D647642}
		{DA2399D2-0110-48B7-8E8A-430A87A98497} = {73DA6F04-2556-4A68-8694-366A8118C19B}
		{897438A7-D868-456F-8051-8E7E06007027} = {DA2399D2-0110-48B7-8E8A-430A87A98497}
		{D1E49E99-F279-415F-A540-205A8C2E26E5} = {897438A7-D868-456F-8051-8E7E06007027}
		{D8F1A8D5-3BFF-4E29-B425-78CE84D79F0A} = {73DA6F04-2556-4A68-8694-366A8118C19B}
		{5E798CB4-FAAF-4B1A-B1D2-B155807BEA96} = {D8F1A8D5-3BFF-4E29-B425-78CE84D79F0A}
		{D7F15B5B-FA04-4A1D-A6AA-AD392356F3B7} = {774B0DD6-223F-4777-AE5A-D4EB75234B74}
		{A92155A0-F341-4A67-A50D-59B2AE54EE64} = {29E9501E-151C-4B3E-8D85-CF10F075C67B}
		{0F23EC4F-4B69-47DB-A486-BBC99E106663} = {73DA6F04-2556-4A68-8694-366A8118C19B}
		{BB59940B-75CC-40E0-9EB7-0AC87C0D6D52} = {0F23EC4F-4B69-47DB-A486-BBC99E106663}
		{F4D88255-5142-4866-85E0-F26DFD120BD1} = {DA2399D2-0110-48B7-8E8A-430A87A98497}
		{C9901E72-3E6E-4DE5-9A60-614EF35E1DFE} = {F4D88255-5142-4866-85E0-F26DFD120BD1}
		{A3796BD3-AEC0-4359-A2E1-B659A5271ACE} = {46D5C08A-36CA-4A55-93B3-CA7D9D647642}
		{1DAA9238-EB03-411F-9E80-0FCFB6006DD3} = {A3796BD3-AEC0-4359-A2E1-B659A5271ACE}
		{711A71A7-B4F9-49EE-A444-8DC32FE53E19} = {A3796BD3-AEC0-4359-A2E1-B659A5271ACE}
		{29DCC7B5-ED08-4A4C-9A04-FD4BF88F6629} = {A3796BD3-AEC0-4359-A2E1-B659A5271ACE}
		{342297B8-7143-43AD-AA32-9176F219CCE5} = {46D5C08A-36CA-4A55-93B3-CA7D9D647642}
		{FAC1189D-1AA6-4D70-A637-AD6F507B4701} = {4780BC5C-3DFA-4ED6-9EBB-07997910DD7D}
		{78B52F91-DBA6-487B-B13C-3A6CC9B6688B} = {4780BC5C-3DFA-4ED6-9EBB-07997910DD7D}
		{4800F3DC-56C8-4789-A37C-64E9D40B83AA} = {4780BC5C-3DFA-4ED6-9EBB-07997910DD7D}
		{BC9EB7DA-8318-452D-8349-2608875BCF30} = {45A1B8FA-36FE-4AC1-9D8F-E71C5533AEBE}
		{3296B4A9-2182-401F-A047-2D0B063AF4DF} = {45A1B8FA-36FE-4AC1-9D8F-E71C5533AEBE}
		{161F906D-CC69-498F-B6C9-A3B0112E7FAA} = {45A1B8FA-36FE-4AC1-9D8F-E71C5533AEBE}
		{1D33EBDE-128C-446E-BF90-4DDEA5D12216} = {0B996998-95FF-4BE3-A7C6-53CB54A155A1}
		{9F5E6294-3385-4F3C-B144-81824D881297} = {2BE007C8-BD3B-45FA-9DD9-9B779829C74F}
		{AD617A6A-E540-419D-8F53-FAAA561E75CE} = {0B996998-95FF-4BE3-A7C6-53CB54A155A1}
		{B0FDF700-EC36-4649-8596-6BE099102CA1} = {29AFAE7D-594D-4738-A759-E65AD9C764EA}
		{FBAE427A-0F5E-4AEA-8C10-3BCEE8F32A59} = {29AFAE7D-594D-4738-A759-E65AD9C764EA}
		{2DB23AF2-094C-4C3F-8375-AA2A3FEFE1E6} = {29AFAE7D-594D-4738-A759-E65AD9C764EA}
		{39DE791B-8A71-4F3B-8CA0-A48406D73D5D} = {29AFAE7D-594D-4738-A759-E65AD9C764EA}
		{2AC46D4E-63A4-4D6A-8A81-10FF4EC0514F} = {F4D88255-5142-4866-85E0-F26DFD120BD1}
		{D74C90B8-786F-4B36-B317-59EAC93552CA} = {0B996998-95FF-4BE3-A7C6-53CB54A155A1}
		{44766476-6372-4859-8D72-64E1CEE18BA9} = {0B996998-95FF-4BE3-A7C6-53CB54A155A1}
		{2D27D4E2-2FF3-49B6-A9C4-21E1AB89832D} = {F329E4BB-594F-4C8C-B81C-B68EBE7FF772}
		{538380E6-5CF4-4D3E-A8F2-046F5FBCABC2} = {F329E4BB-594F-4C8C-B81C-B68EBE7FF772}
		{A8FE2D1B-E5B7-4D1F-8CCE-ED3EE7D8B77C} = {66373576-9448-45FD-92F1-AD50B72CD85B}
		{45A1B8FA-36FE-4AC1-9D8F-E71C5533AEBE} = {66373576-9448-45FD-92F1-AD50B72CD85B}
		{29AFAE7D-594D-4738-A759-E65AD9C764EA} = {66373576-9448-45FD-92F1-AD50B72CD85B}
		{4780BC5C-3DFA-4ED6-9EBB-07997910DD7D} = {66373576-9448-45FD-92F1-AD50B72CD85B}
		{0B996998-95FF-4BE3-A7C6-53CB54A155A1} = {66373576-9448-45FD-92F1-AD50B72CD85B}
		{2BE007C8-BD3B-45FA-9DD9-9B779829C74F} = {66373576-9448-45FD-92F1-AD50B72CD85B}
		{DAF59B8B-6C2E-4B9B-8986-2AB3023755A8} = {F329E4BB-594F-4C8C-B81C-B68EBE7FF772}
		{1E27FB1D-9951-4BB6-B8A3-75412C9133BE} = {F329E4BB-594F-4C8C-B81C-B68EBE7FF772}
		{53F330FF-5ADB-42C3-A566-0E3CD4458A53} = {F329E4BB-594F-4C8C-B81C-B68EBE7FF772}
		{C3E6086A-13BE-47A5-A563-3C2C766B87EB} = {F329E4BB-594F-4C8C-B81C-B68EBE7FF772}
		{F896D995-A858-498B-92B2-C39F923AF2B1} = {F329E4BB-594F-4C8C-B81C-B68EBE7FF772}
		{504179D4-9B63-404A-A8E4-98B16D41FC66} = {84A21512-B3C7-49C1-82A9-26AB0BEFC451}
		{959213D0-F405-452C-BB16-3003DD13C39B} = {F329E4BB-594F-4C8C-B81C-B68EBE7FF772}
		{947C54A0-72FE-4704-8B23-42048A516A31} = {A8FE2D1B-E5B7-4D1F-8CCE-ED3EE7D8B77C}
		{6AC0C8B5-E688-4CA4-B4F5-E5A0F8B99AFC} = {947C54A0-72FE-4704-8B23-42048A516A31}
		{0D1C9C92-9A97-460F-BB8E-FDBB276BE6F1} = {947C54A0-72FE-4704-8B23-42048A516A31}
		{F329E4BB-594F-4C8C-B81C-B68EBE7FF772} = {A8FE2D1B-E5B7-4D1F-8CCE-ED3EE7D8B77C}
		{84A21512-B3C7-49C1-82A9-26AB0BEFC451} = {A8FE2D1B-E5B7-4D1F-8CCE-ED3EE7D8B77C}
		{3C01A2E9-C80E-4107-A6CD-B2AB3A662137} = {947C54A0-72FE-4704-8B23-42048A516A31}
		{43D5F43B-74D2-4190-9929-390867357F4D} = {947C54A0-72FE-4704-8B23-42048A516A31}
	EndGlobalSection
	GlobalSection(ExtensibilityGlobals) = postSolution
		SolutionGuid = {F50E3712-4DB5-4FE7-901F-482ED0CC1273}
	EndGlobalSection
EndGlobal
